// !$*UTF8*$!
{
	archiveVersion = 1;
	classes = {
	};
	objectVersion = 46;
	objects = {

/* Begin PBXBuildFile section */
		9405A4E31EC6AAB4008EB907 /* DashboardTableViewCell.swift in Sources */ = {isa = PBXBuildFile; fileRef = 9405A4E21EC6AAB4008EB907 /* DashboardTableViewCell.swift */; };
		941415171EAC57ED0001C832 /* SignUpViewController.swift in Sources */ = {isa = PBXBuildFile; fileRef = 941415161EAC57ED0001C832 /* SignUpViewController.swift */; };
		941DEA8D1EC1795700001426 /* DashboardViewController.swift in Sources */ = {isa = PBXBuildFile; fileRef = 941DEA8C1EC1795700001426 /* DashboardViewController.swift */; };
		941DEA8F1EC17A7400001426 /* DashboardData.swift in Sources */ = {isa = PBXBuildFile; fileRef = 941DEA8E1EC17A7400001426 /* DashboardData.swift */; };
		94289A141EA1B96700C73ED3 /* ActionCableClient.framework in Frameworks */ = {isa = PBXBuildFile; fileRef = 94289A131EA1B96700C73ED3 /* ActionCableClient.framework */; };
		94289A161EA1B96F00C73ED3 /* Starscream.framework in Frameworks */ = {isa = PBXBuildFile; fileRef = 94289A151EA1B96F00C73ED3 /* Starscream.framework */; };
		94289A191EA2CAFC00C73ED3 /* GroupData.swift in Sources */ = {isa = PBXBuildFile; fileRef = 94289A181EA2CAFC00C73ED3 /* GroupData.swift */; };
		94289A1B1EA2D54B00C73ED3 /* IndividualData.swift in Sources */ = {isa = PBXBuildFile; fileRef = 94289A1A1EA2D54B00C73ED3 /* IndividualData.swift */; };
		94289A1D1EA2D9D300C73ED3 /* ActionCableController.swift in Sources */ = {isa = PBXBuildFile; fileRef = 94289A1C1EA2D9D300C73ED3 /* ActionCableController.swift */; };
		94289A1F1EA2FD0D00C73ED3 /* SwiftyJSON.framework in Frameworks */ = {isa = PBXBuildFile; fileRef = 94289A1E1EA2FD0D00C73ED3 /* SwiftyJSON.framework */; };
		94424FA81E1C9530001C907E /* AppDelegate.swift in Sources */ = {isa = PBXBuildFile; fileRef = 94424FA71E1C9530001C907E /* AppDelegate.swift */; };
		94424FAA1E1C9530001C907E /* ViewController.swift in Sources */ = {isa = PBXBuildFile; fileRef = 94424FA91E1C9530001C907E /* ViewController.swift */; };
		94424FAD1E1C9530001C907E /* Main.storyboard in Resources */ = {isa = PBXBuildFile; fileRef = 94424FAB1E1C9530001C907E /* Main.storyboard */; };
		94424FB01E1C9530001C907E /* Guardian.xcdatamodeld in Sources */ = {isa = PBXBuildFile; fileRef = 94424FAE1E1C9530001C907E /* Guardian.xcdatamodeld */; };
		94424FB21E1C9530001C907E /* Assets.xcassets in Resources */ = {isa = PBXBuildFile; fileRef = 94424FB11E1C9530001C907E /* Assets.xcassets */; };
		94424FB51E1C9530001C907E /* LaunchScreen.storyboard in Resources */ = {isa = PBXBuildFile; fileRef = 94424FB31E1C9530001C907E /* LaunchScreen.storyboard */; };
		945127081EAEE80F001FA4BD /* GroupsViewController.swift in Sources */ = {isa = PBXBuildFile; fileRef = 945127071EAEE80F001FA4BD /* GroupsViewController.swift */; };
		946EE6071EBF10950027ECC6 /* Keys.plist in Resources */ = {isa = PBXBuildFile; fileRef = 946EE6061EBF10950027ECC6 /* Keys.plist */; };
		947AEEF61E1DF9D60042659F /* KeychainService.swift in Sources */ = {isa = PBXBuildFile; fileRef = 947AEEF51E1DF9D60042659F /* KeychainService.swift */; };
		948468B11EC838F000CFAD9F /* testViewController.swift in Sources */ = {isa = PBXBuildFile; fileRef = 948468B01EC838F000CFAD9F /* testViewController.swift */; };
		948468B31EC857D200CFAD9F /* CustomPresentAnimationController.swift in Sources */ = {isa = PBXBuildFile; fileRef = 948468B21EC857D200CFAD9F /* CustomPresentAnimationController.swift */; };
		948468B51EC8E5EE00CFAD9F /* AddGroupWizardViewController.swift in Sources */ = {isa = PBXBuildFile; fileRef = 948468B41EC8E5EE00CFAD9F /* AddGroupWizardViewController.swift */; };
		94863BD41EA5625700579D25 /* URLModel.swift in Sources */ = {isa = PBXBuildFile; fileRef = 94863BD31EA5625700579D25 /* URLModel.swift */; };
		949FCA371EB3113D00DC01BC /* IndividualsViewController.swift in Sources */ = {isa = PBXBuildFile; fileRef = 949FCA361EB3113D00DC01BC /* IndividualsViewController.swift */; };
		949FCA391EB31C6100DC01BC /* AddIndividualViewController.swift in Sources */ = {isa = PBXBuildFile; fileRef = 949FCA381EB31C6100DC01BC /* AddIndividualViewController.swift */; };
		949FCA3B1EB33BEA00DC01BC /* AddGroupViewController.swift in Sources */ = {isa = PBXBuildFile; fileRef = 949FCA3A1EB33BEA00DC01BC /* AddGroupViewController.swift */; };
		94DD0E5F1EBEFF2100AF3802 /* AWSCore.framework in Frameworks */ = {isa = PBXBuildFile; fileRef = 94DD0E5E1EBEFF2100AF3802 /* AWSCore.framework */; };
		94DD0E601EBEFF2100AF3802 /* AWSCore.framework in Embed Frameworks */ = {isa = PBXBuildFile; fileRef = 94DD0E5E1EBEFF2100AF3802 /* AWSCore.framework */; settings = {ATTRIBUTES = (CodeSignOnCopy, RemoveHeadersOnCopy, ); }; };
		94DD0E631EBEFF5300AF3802 /* AWSS3.framework in Frameworks */ = {isa = PBXBuildFile; fileRef = 94DD0E621EBEFF5300AF3802 /* AWSS3.framework */; };
		94DD0E641EBEFF5300AF3802 /* AWSS3.framework in Embed Frameworks */ = {isa = PBXBuildFile; fileRef = 94DD0E621EBEFF5300AF3802 /* AWSS3.framework */; settings = {ATTRIBUTES = (CodeSignOnCopy, RemoveHeadersOnCopy, ); }; };
/* End PBXBuildFile section */

/* Begin PBXCopyFilesBuildPhase section */
		94DD0E611EBEFF2100AF3802 /* Embed Frameworks */ = {
			isa = PBXCopyFilesBuildPhase;
			buildActionMask = 2147483647;
			dstPath = "";
			dstSubfolderSpec = 10;
			files = (
				94DD0E641EBEFF5300AF3802 /* AWSS3.framework in Embed Frameworks */,
				94DD0E601EBEFF2100AF3802 /* AWSCore.framework in Embed Frameworks */,
			);
			name = "Embed Frameworks";
			runOnlyForDeploymentPostprocessing = 0;
		};
/* End PBXCopyFilesBuildPhase section */

/* Begin PBXFileReference section */
		9405A4E21EC6AAB4008EB907 /* DashboardTableViewCell.swift */ = {isa = PBXFileReference; fileEncoding = 4; lastKnownFileType = sourcecode.swift; path = DashboardTableViewCell.swift; sourceTree = "<group>"; };
		941415161EAC57ED0001C832 /* SignUpViewController.swift */ = {isa = PBXFileReference; fileEncoding = 4; lastKnownFileType = sourcecode.swift; path = SignUpViewController.swift; sourceTree = "<group>"; };
		941DEA8C1EC1795700001426 /* DashboardViewController.swift */ = {isa = PBXFileReference; fileEncoding = 4; lastKnownFileType = sourcecode.swift; path = DashboardViewController.swift; sourceTree = "<group>"; };
		941DEA8E1EC17A7400001426 /* DashboardData.swift */ = {isa = PBXFileReference; fileEncoding = 4; lastKnownFileType = sourcecode.swift; path = DashboardData.swift; sourceTree = "<group>"; };
		94289A131EA1B96700C73ED3 /* ActionCableClient.framework */ = {isa = PBXFileReference; lastKnownFileType = wrapper.framework; name = ActionCableClient.framework; path = Carthage/Build/iOS/ActionCableClient.framework; sourceTree = "<group>"; };
		94289A151EA1B96F00C73ED3 /* Starscream.framework */ = {isa = PBXFileReference; lastKnownFileType = wrapper.framework; name = Starscream.framework; path = Carthage/Build/iOS/Starscream.framework; sourceTree = "<group>"; };
		94289A181EA2CAFC00C73ED3 /* GroupData.swift */ = {isa = PBXFileReference; fileEncoding = 4; lastKnownFileType = sourcecode.swift; path = GroupData.swift; sourceTree = "<group>"; };
		94289A1A1EA2D54B00C73ED3 /* IndividualData.swift */ = {isa = PBXFileReference; fileEncoding = 4; lastKnownFileType = sourcecode.swift; path = IndividualData.swift; sourceTree = "<group>"; };
		94289A1C1EA2D9D300C73ED3 /* ActionCableController.swift */ = {isa = PBXFileReference; fileEncoding = 4; lastKnownFileType = sourcecode.swift; path = ActionCableController.swift; sourceTree = "<group>"; };
		94289A1E1EA2FD0D00C73ED3 /* SwiftyJSON.framework */ = {isa = PBXFileReference; lastKnownFileType = wrapper.framework; name = SwiftyJSON.framework; path = Carthage/Build/iOS/SwiftyJSON.framework; sourceTree = "<group>"; };
		94424FA41E1C9530001C907E /* Guardian.app */ = {isa = PBXFileReference; explicitFileType = wrapper.application; includeInIndex = 0; path = Guardian.app; sourceTree = BUILT_PRODUCTS_DIR; };
		94424FA71E1C9530001C907E /* AppDelegate.swift */ = {isa = PBXFileReference; lastKnownFileType = sourcecode.swift; path = AppDelegate.swift; sourceTree = "<group>"; };
		94424FA91E1C9530001C907E /* ViewController.swift */ = {isa = PBXFileReference; lastKnownFileType = sourcecode.swift; path = ViewController.swift; sourceTree = "<group>"; };
		94424FAC1E1C9530001C907E /* Base */ = {isa = PBXFileReference; lastKnownFileType = file.storyboard; name = Base; path = Base.lproj/Main.storyboard; sourceTree = "<group>"; };
		94424FAF1E1C9530001C907E /* Guardian.xcdatamodel */ = {isa = PBXFileReference; lastKnownFileType = wrapper.xcdatamodel; path = Guardian.xcdatamodel; sourceTree = "<group>"; };
		94424FB11E1C9530001C907E /* Assets.xcassets */ = {isa = PBXFileReference; lastKnownFileType = folder.assetcatalog; path = Assets.xcassets; sourceTree = "<group>"; };
		94424FB41E1C9530001C907E /* Base */ = {isa = PBXFileReference; lastKnownFileType = file.storyboard; name = Base; path = Base.lproj/LaunchScreen.storyboard; sourceTree = "<group>"; };
		945127071EAEE80F001FA4BD /* GroupsViewController.swift */ = {isa = PBXFileReference; fileEncoding = 4; lastKnownFileType = sourcecode.swift; path = GroupsViewController.swift; sourceTree = "<group>"; };
		946EE6061EBF10950027ECC6 /* Keys.plist */ = {isa = PBXFileReference; fileEncoding = 4; lastKnownFileType = text.plist.xml; path = Keys.plist; sourceTree = "<group>"; };
		947AEEF51E1DF9D60042659F /* KeychainService.swift */ = {isa = PBXFileReference; fileEncoding = 4; lastKnownFileType = sourcecode.swift; path = KeychainService.swift; sourceTree = "<group>"; };
		948468B01EC838F000CFAD9F /* testViewController.swift */ = {isa = PBXFileReference; fileEncoding = 4; lastKnownFileType = sourcecode.swift; path = testViewController.swift; sourceTree = "<group>"; };
		948468B21EC857D200CFAD9F /* CustomPresentAnimationController.swift */ = {isa = PBXFileReference; fileEncoding = 4; lastKnownFileType = sourcecode.swift; path = CustomPresentAnimationController.swift; sourceTree = "<group>"; };
		948468B41EC8E5EE00CFAD9F /* AddGroupWizardViewController.swift */ = {isa = PBXFileReference; fileEncoding = 4; lastKnownFileType = sourcecode.swift; path = AddGroupWizardViewController.swift; sourceTree = "<group>"; };
		94863BD31EA5625700579D25 /* URLModel.swift */ = {isa = PBXFileReference; fileEncoding = 4; lastKnownFileType = sourcecode.swift; path = URLModel.swift; sourceTree = "<group>"; };
		94863BD51EA5AF1500579D25 /* Info.plist */ = {isa = PBXFileReference; fileEncoding = 4; lastKnownFileType = text.plist.xml; path = Info.plist; sourceTree = "<group>"; };
		949FCA361EB3113D00DC01BC /* IndividualsViewController.swift */ = {isa = PBXFileReference; fileEncoding = 4; lastKnownFileType = sourcecode.swift; path = IndividualsViewController.swift; sourceTree = "<group>"; };
		949FCA381EB31C6100DC01BC /* AddIndividualViewController.swift */ = {isa = PBXFileReference; fileEncoding = 4; lastKnownFileType = sourcecode.swift; path = AddIndividualViewController.swift; sourceTree = "<group>"; };
		949FCA3A1EB33BEA00DC01BC /* AddGroupViewController.swift */ = {isa = PBXFileReference; fileEncoding = 4; lastKnownFileType = sourcecode.swift; path = AddGroupViewController.swift; sourceTree = "<group>"; };
		94DD0E5E1EBEFF2100AF3802 /* AWSCore.framework */ = {isa = PBXFileReference; lastKnownFileType = wrapper.framework; name = AWSCore.framework; path = Carthage/Build/iOS/AWSCore.framework; sourceTree = "<group>"; };
		94DD0E621EBEFF5300AF3802 /* AWSS3.framework */ = {isa = PBXFileReference; lastKnownFileType = wrapper.framework; name = AWSS3.framework; path = Carthage/Build/iOS/AWSS3.framework; sourceTree = "<group>"; };
/* End PBXFileReference section */

/* Begin PBXFrameworksBuildPhase section */
		94424FA11E1C9530001C907E /* Frameworks */ = {
			isa = PBXFrameworksBuildPhase;
			buildActionMask = 2147483647;
			files = (
				94289A141EA1B96700C73ED3 /* ActionCableClient.framework in Frameworks */,
				94DD0E5F1EBEFF2100AF3802 /* AWSCore.framework in Frameworks */,
				94289A161EA1B96F00C73ED3 /* Starscream.framework in Frameworks */,
				94289A1F1EA2FD0D00C73ED3 /* SwiftyJSON.framework in Frameworks */,
				94DD0E631EBEFF5300AF3802 /* AWSS3.framework in Frameworks */,
			);
			runOnlyForDeploymentPostprocessing = 0;
		};
/* End PBXFrameworksBuildPhase section */

/* Begin PBXGroup section */
		941DEA891EC160DA00001426 /* Guardian */ = {
			isa = PBXGroup;
			children = (
				941DEA8C1EC1795700001426 /* DashboardViewController.swift */,
				9405A4E21EC6AAB4008EB907 /* DashboardTableViewCell.swift */,
				941DEA8E1EC17A7400001426 /* DashboardData.swift */,
			);
			name = Guardian;
			sourceTree = "<group>";
		};
		941DEA8A1EC160E200001426 /* Admin */ = {
			isa = PBXGroup;
			children = (
				948468B71EC8E60D00CFAD9F /* Individual */,
				948468B61EC8E5F600CFAD9F /* Group */,
			);
			name = Admin;
			sourceTree = "<group>";
		};
		941DEA8B1EC1610300001426 /* Support */ = {
			isa = PBXGroup;
			children = (
				94424FA71E1C9530001C907E /* AppDelegate.swift */,
				94863BD31EA5625700579D25 /* URLModel.swift */,
				947AEEF51E1DF9D60042659F /* KeychainService.swift */,
				94289A1C1EA2D9D300C73ED3 /* ActionCableController.swift */,
				948468B21EC857D200CFAD9F /* CustomPresentAnimationController.swift */,
			);
			name = Support;
			sourceTree = "<group>";
		};
		94289A121EA1B96700C73ED3 /* Frameworks */ = {
			isa = PBXGroup;
			children = (
				94DD0E621EBEFF5300AF3802 /* AWSS3.framework */,
				94DD0E5E1EBEFF2100AF3802 /* AWSCore.framework */,
				94289A1E1EA2FD0D00C73ED3 /* SwiftyJSON.framework */,
				94289A151EA1B96F00C73ED3 /* Starscream.framework */,
				94289A131EA1B96700C73ED3 /* ActionCableClient.framework */,
			);
			name = Frameworks;
			sourceTree = "<group>";
		};
		94424F9B1E1C9530001C907E = {
			isa = PBXGroup;
			children = (
				94424FA61E1C9530001C907E /* Guardian */,
				94424FA51E1C9530001C907E /* Products */,
				94289A121EA1B96700C73ED3 /* Frameworks */,
			);
			sourceTree = "<group>";
		};
		94424FA51E1C9530001C907E /* Products */ = {
			isa = PBXGroup;
			children = (
				94424FA41E1C9530001C907E /* Guardian.app */,
			);
			name = Products;
			sourceTree = "<group>";
		};
		94424FA61E1C9530001C907E /* Guardian */ = {
			isa = PBXGroup;
			children = (
				94424FA91E1C9530001C907E /* ViewController.swift */,
				941415161EAC57ED0001C832 /* SignUpViewController.swift */,
				941DEA891EC160DA00001426 /* Guardian */,
				941DEA8B1EC1610300001426 /* Support */,
				941DEA8A1EC160E200001426 /* Admin */,
				94424FAB1E1C9530001C907E /* Main.storyboard */,
				948468B01EC838F000CFAD9F /* testViewController.swift */,
				94424FB31E1C9530001C907E /* LaunchScreen.storyboard */,
				94424FB11E1C9530001C907E /* Assets.xcassets */,
				94863BD51EA5AF1500579D25 /* Info.plist */,
				946EE6061EBF10950027ECC6 /* Keys.plist */,
				94424FAE1E1C9530001C907E /* Guardian.xcdatamodeld */,
			);
			path = Guardian;
			sourceTree = "<group>";
		};
		948468B61EC8E5F600CFAD9F /* Group */ = {
			isa = PBXGroup;
			children = (
				94289A181EA2CAFC00C73ED3 /* GroupData.swift */,
				945127071EAEE80F001FA4BD /* GroupsViewController.swift */,
				949FCA3A1EB33BEA00DC01BC /* AddGroupViewController.swift */,
				948468B41EC8E5EE00CFAD9F /* AddGroupWizardViewController.swift */,
			);
			name = Group;
			sourceTree = "<group>";
		};
		948468B71EC8E60D00CFAD9F /* Individual */ = {
			isa = PBXGroup;
			children = (
				94289A1A1EA2D54B00C73ED3 /* IndividualData.swift */,
				949FCA361EB3113D00DC01BC /* IndividualsViewController.swift */,
				949FCA381EB31C6100DC01BC /* AddIndividualViewController.swift */,
			);
			name = Individual;
			sourceTree = "<group>";
		};
/* End PBXGroup section */

/* Begin PBXNativeTarget section */
		94424FA31E1C9530001C907E /* Guardian */ = {
			isa = PBXNativeTarget;
			buildConfigurationList = 94424FB91E1C9530001C907E /* Build configuration list for PBXNativeTarget "Guardian" */;
			buildPhases = (
				94424FA01E1C9530001C907E /* Sources */,
				94424FA11E1C9530001C907E /* Frameworks */,
				94424FA21E1C9530001C907E /* Resources */,
				94289A171EA1B9A500C73ED3 /* ShellScript */,
				94DD0E611EBEFF2100AF3802 /* Embed Frameworks */,
				94DD0E651EBEFFD400AF3802 /* ShellScript */,
			);
			buildRules = (
			);
			dependencies = (
			);
			name = Guardian;
			productName = Guardian;
			productReference = 94424FA41E1C9530001C907E /* Guardian.app */;
			productType = "com.apple.product-type.application";
		};
/* End PBXNativeTarget section */

/* Begin PBXProject section */
		94424F9C1E1C9530001C907E /* Project object */ = {
			isa = PBXProject;
			attributes = {
				LastSwiftUpdateCheck = 0820;
				LastUpgradeCheck = 0830;
				ORGANIZATIONNAME = com.project;
				TargetAttributes = {
					94424FA31E1C9530001C907E = {
						CreatedOnToolsVersion = 8.2.1;
						DevelopmentTeam = NN7HR27RDT;
						ProvisioningStyle = Automatic;
					};
				};
			};
			buildConfigurationList = 94424F9F1E1C9530001C907E /* Build configuration list for PBXProject "Guardian" */;
			compatibilityVersion = "Xcode 3.2";
			developmentRegion = English;
			hasScannedForEncodings = 0;
			knownRegions = (
				en,
				Base,
			);
			mainGroup = 94424F9B1E1C9530001C907E;
			productRefGroup = 94424FA51E1C9530001C907E /* Products */;
			projectDirPath = "";
			projectRoot = "";
			targets = (
				94424FA31E1C9530001C907E /* Guardian */,
			);
		};
/* End PBXProject section */

/* Begin PBXResourcesBuildPhase section */
		94424FA21E1C9530001C907E /* Resources */ = {
			isa = PBXResourcesBuildPhase;
			buildActionMask = 2147483647;
			files = (
				94424FB51E1C9530001C907E /* LaunchScreen.storyboard in Resources */,
				94424FB21E1C9530001C907E /* Assets.xcassets in Resources */,
				94424FAD1E1C9530001C907E /* Main.storyboard in Resources */,
				946EE6071EBF10950027ECC6 /* Keys.plist in Resources */,
			);
			runOnlyForDeploymentPostprocessing = 0;
		};
/* End PBXResourcesBuildPhase section */

/* Begin PBXShellScriptBuildPhase section */
		94289A171EA1B9A500C73ED3 /* ShellScript */ = {
			isa = PBXShellScriptBuildPhase;
			buildActionMask = 2147483647;
			files = (
			);
			inputPaths = (
				"$(SRCROOT)/Carthage/Build/iOS/ActionCableClient.framework",
				"$(SRCROOT)/Carthage/Build/iOS/Starscream.framework",
				"$(SRCROOT)/Carthage/Build/iOS/SwiftyJSON.framework",
			);
			outputPaths = (
			);
			runOnlyForDeploymentPostprocessing = 0;
			shellPath = /bin/sh;
			shellScript = "/usr/local/bin/carthage copy-frameworks";
		};
		94DD0E651EBEFFD400AF3802 /* ShellScript */ = {
			isa = PBXShellScriptBuildPhase;
			buildActionMask = 2147483647;
			files = (
			);
			inputPaths = (
			);
			outputPaths = (
			);
			runOnlyForDeploymentPostprocessing = 0;
			shellPath = /bin/sh;
			shellScript = "bash \"${BUILT_PRODUCTS_DIR}/${FRAMEWORKS_FOLDER_PATH}/AWSCore.framework/strip-frameworks.sh\"";
		};
/* End PBXShellScriptBuildPhase section */

/* Begin PBXSourcesBuildPhase section */
		94424FA01E1C9530001C907E /* Sources */ = {
			isa = PBXSourcesBuildPhase;
			buildActionMask = 2147483647;
			files = (
				941DEA8F1EC17A7400001426 /* DashboardData.swift in Sources */,
				941415171EAC57ED0001C832 /* SignUpViewController.swift in Sources */,
				9405A4E31EC6AAB4008EB907 /* DashboardTableViewCell.swift in Sources */,
				94424FAA1E1C9530001C907E /* ViewController.swift in Sources */,
				94289A1B1EA2D54B00C73ED3 /* IndividualData.swift in Sources */,
				94863BD41EA5625700579D25 /* URLModel.swift in Sources */,
				94289A1D1EA2D9D300C73ED3 /* ActionCableController.swift in Sources */,
				949FCA371EB3113D00DC01BC /* IndividualsViewController.swift in Sources */,
				941DEA8D1EC1795700001426 /* DashboardViewController.swift in Sources */,
				949FCA3B1EB33BEA00DC01BC /* AddGroupViewController.swift in Sources */,
				94289A191EA2CAFC00C73ED3 /* GroupData.swift in Sources */,
				945127081EAEE80F001FA4BD /* GroupsViewController.swift in Sources */,
				948468B51EC8E5EE00CFAD9F /* AddGroupWizardViewController.swift in Sources */,
				94424FA81E1C9530001C907E /* AppDelegate.swift in Sources */,
				947AEEF61E1DF9D60042659F /* KeychainService.swift in Sources */,
				948468B11EC838F000CFAD9F /* testViewController.swift in Sources */,
				948468B31EC857D200CFAD9F /* CustomPresentAnimationController.swift in Sources */,
				94424FB01E1C9530001C907E /* Guardian.xcdatamodeld in Sources */,
				949FCA391EB31C6100DC01BC /* AddIndividualViewController.swift in Sources */,
			);
			runOnlyForDeploymentPostprocessing = 0;
		};
/* End PBXSourcesBuildPhase section */

/* Begin PBXVariantGroup section */
		94424FAB1E1C9530001C907E /* Main.storyboard */ = {
			isa = PBXVariantGroup;
			children = (
				94424FAC1E1C9530001C907E /* Base */,
			);
			name = Main.storyboard;
			sourceTree = "<group>";
		};
		94424FB31E1C9530001C907E /* LaunchScreen.storyboard */ = {
			isa = PBXVariantGroup;
			children = (
				94424FB41E1C9530001C907E /* Base */,
			);
			name = LaunchScreen.storyboard;
			sourceTree = "<group>";
		};
/* End PBXVariantGroup section */

/* Begin XCBuildConfiguration section */
		94424FB71E1C9530001C907E /* Debug */ = {
			isa = XCBuildConfiguration;
			buildSettings = {
				ALWAYS_SEARCH_USER_PATHS = NO;
				CLANG_ANALYZER_NONNULL = YES;
				CLANG_CXX_LANGUAGE_STANDARD = "gnu++0x";
				CLANG_CXX_LIBRARY = "libc++";
				CLANG_ENABLE_MODULES = YES;
				CLANG_ENABLE_OBJC_ARC = YES;
				CLANG_WARN_BOOL_CONVERSION = YES;
				CLANG_WARN_CONSTANT_CONVERSION = YES;
				CLANG_WARN_DIRECT_OBJC_ISA_USAGE = YES_ERROR;
				CLANG_WARN_DOCUMENTATION_COMMENTS = YES;
				CLANG_WARN_EMPTY_BODY = YES;
				CLANG_WARN_ENUM_CONVERSION = YES;
				CLANG_WARN_INFINITE_RECURSION = YES;
				CLANG_WARN_INT_CONVERSION = YES;
				CLANG_WARN_OBJC_ROOT_CLASS = YES_ERROR;
				CLANG_WARN_SUSPICIOUS_MOVE = YES;
				CLANG_WARN_UNREACHABLE_CODE = YES;
				CLANG_WARN__DUPLICATE_METHOD_MATCH = YES;
				"CODE_SIGN_IDENTITY[sdk=iphoneos*]" = "iPhone Developer";
				COPY_PHASE_STRIP = NO;
				DEBUG_INFORMATION_FORMAT = dwarf;
				ENABLE_STRICT_OBJC_MSGSEND = YES;
				ENABLE_TESTABILITY = YES;
				GCC_C_LANGUAGE_STANDARD = gnu99;
				GCC_DYNAMIC_NO_PIC = NO;
				GCC_NO_COMMON_BLOCKS = YES;
				GCC_OPTIMIZATION_LEVEL = 0;
				GCC_PREPROCESSOR_DEFINITIONS = (
					"DEBUG=1",
					"$(inherited)",
				);
				GCC_WARN_64_TO_32_BIT_CONVERSION = YES;
				GCC_WARN_ABOUT_RETURN_TYPE = YES_ERROR;
				GCC_WARN_UNDECLARED_SELECTOR = YES;
				GCC_WARN_UNINITIALIZED_AUTOS = YES_AGGRESSIVE;
				GCC_WARN_UNUSED_FUNCTION = YES;
				GCC_WARN_UNUSED_VARIABLE = YES;
				IPHONEOS_DEPLOYMENT_TARGET = 10.2;
				MTL_ENABLE_DEBUG_INFO = YES;
				ONLY_ACTIVE_ARCH = YES;
				SDKROOT = iphoneos;
				SWIFT_ACTIVE_COMPILATION_CONDITIONS = DEBUG;
				SWIFT_OPTIMIZATION_LEVEL = "-Onone";
			};
			name = Debug;
		};
		94424FB81E1C9530001C907E /* Release */ = {
			isa = XCBuildConfiguration;
			buildSettings = {
				ALWAYS_SEARCH_USER_PATHS = NO;
				CLANG_ANALYZER_NONNULL = YES;
				CLANG_CXX_LANGUAGE_STANDARD = "gnu++0x";
				CLANG_CXX_LIBRARY = "libc++";
				CLANG_ENABLE_MODULES = YES;
				CLANG_ENABLE_OBJC_ARC = YES;
				CLANG_WARN_BOOL_CONVERSION = YES;
				CLANG_WARN_CONSTANT_CONVERSION = YES;
				CLANG_WARN_DIRECT_OBJC_ISA_USAGE = YES_ERROR;
				CLANG_WARN_DOCUMENTATION_COMMENTS = YES;
				CLANG_WARN_EMPTY_BODY = YES;
				CLANG_WARN_ENUM_CONVERSION = YES;
				CLANG_WARN_INFINITE_RECURSION = YES;
				CLANG_WARN_INT_CONVERSION = YES;
				CLANG_WARN_OBJC_ROOT_CLASS = YES_ERROR;
				CLANG_WARN_SUSPICIOUS_MOVE = YES;
				CLANG_WARN_UNREACHABLE_CODE = YES;
				CLANG_WARN__DUPLICATE_METHOD_MATCH = YES;
				"CODE_SIGN_IDENTITY[sdk=iphoneos*]" = "iPhone Developer";
				COPY_PHASE_STRIP = NO;
				DEBUG_INFORMATION_FORMAT = "dwarf-with-dsym";
				ENABLE_NS_ASSERTIONS = NO;
				ENABLE_STRICT_OBJC_MSGSEND = YES;
				GCC_C_LANGUAGE_STANDARD = gnu99;
				GCC_NO_COMMON_BLOCKS = YES;
				GCC_WARN_64_TO_32_BIT_CONVERSION = YES;
				GCC_WARN_ABOUT_RETURN_TYPE = YES_ERROR;
				GCC_WARN_UNDECLARED_SELECTOR = YES;
				GCC_WARN_UNINITIALIZED_AUTOS = YES_AGGRESSIVE;
				GCC_WARN_UNUSED_FUNCTION = YES;
				GCC_WARN_UNUSED_VARIABLE = YES;
				IPHONEOS_DEPLOYMENT_TARGET = 10.2;
				MTL_ENABLE_DEBUG_INFO = NO;
				SDKROOT = iphoneos;
				SWIFT_OPTIMIZATION_LEVEL = "-Owholemodule";
				VALIDATE_PRODUCT = YES;
			};
			name = Release;
		};
		94424FBA1E1C9530001C907E /* Debug */ = {
			isa = XCBuildConfiguration;
			buildSettings = {
				ASSETCATALOG_COMPILER_APPICON_NAME = AppIcon;
				DEVELOPMENT_TEAM = NN7HR27RDT;
				FRAMEWORK_SEARCH_PATHS = (
					"$(inherited)",
					"$(PROJECT_DIR)/Carthage/Build/iOS",
				);
				INFOPLIST_FILE = Guardian/Info.plist;
				IPHONEOS_DEPLOYMENT_TARGET = 10.3;
				LD_RUNPATH_SEARCH_PATHS = "$(inherited) @executable_path/Frameworks";
				PRODUCT_BUNDLE_IDENTIFIER = henry.boswell.Guardian;
				PRODUCT_NAME = "$(TARGET_NAME)";
				SWIFT_VERSION = 3.0;
			};
			name = Debug;
		};
		94424FBB1E1C9530001C907E /* Release */ = {
			isa = XCBuildConfiguration;
			buildSettings = {
				ASSETCATALOG_COMPILER_APPICON_NAME = AppIcon;
				DEVELOPMENT_TEAM = NN7HR27RDT;
				FRAMEWORK_SEARCH_PATHS = (
					"$(inherited)",
					"$(PROJECT_DIR)/Carthage/Build/iOS",
				);
				INFOPLIST_FILE = Guardian/Info.plist;
				IPHONEOS_DEPLOYMENT_TARGET = 10.3;
				LD_RUNPATH_SEARCH_PATHS = "$(inherited) @executable_path/Frameworks";
				PRODUCT_BUNDLE_IDENTIFIER = henry.boswell.Guardian;
				PRODUCT_NAME = "$(TARGET_NAME)";
				SWIFT_VERSION = 3.0;
			};
			name = Release;
		};
/* End XCBuildConfiguration section */

/* Begin XCConfigurationList section */
		94424F9F1E1C9530001C907E /* Build configuration list for PBXProject "Guardian" */ = {
			isa = XCConfigurationList;
			buildConfigurations = (
				94424FB71E1C9530001C907E /* Debug */,
				94424FB81E1C9530001C907E /* Release */,
			);
			defaultConfigurationIsVisible = 0;
			defaultConfigurationName = Release;
		};
		94424FB91E1C9530001C907E /* Build configuration list for PBXNativeTarget "Guardian" */ = {
			isa = XCConfigurationList;
			buildConfigurations = (
				94424FBA1E1C9530001C907E /* Debug */,
				94424FBB1E1C9530001C907E /* Release */,
			);
			defaultConfigurationIsVisible = 0;
			defaultConfigurationName = Release;
		};
/* End XCConfigurationList section */

/* Begin XCVersionGroup section */
		94424FAE1E1C9530001C907E /* Guardian.xcdatamodeld */ = {
			isa = XCVersionGroup;
			children = (
				94424FAF1E1C9530001C907E /* Guardian.xcdatamodel */,
			);
			currentVersion = 94424FAF1E1C9530001C907E /* Guardian.xcdatamodel */;
			path = Guardian.xcdatamodeld;
			sourceTree = "<group>";
			versionGroupType = wrapper.xcdatamodel;
		};
/* End XCVersionGroup section */
	};
	rootObject = 94424F9C1E1C9530001C907E /* Project object */;
}
